
Microsoft Visual Studio Solution File, Format Version 12.00
# Visual Studio Version 16
VisualStudioVersion = 16.0.31624.102
MinimumVisualStudioVersion = 10.0.40219.1
Project("{FAE04EC0-301F-11D3-BF4B-00C04F79EFBC}") = "Liashchynskaya_Election_2", "Liashchynskaya_Election_2\Liashchynskaya_Election_2.csproj", "{FDBD7421-3DE5-4F14-8D67-0DFEF1C23FFC}"
EndProject
Global
	GlobalSection(SolutionConfigurationPlatforms) = preSolution
		Debug|Any CPU = Debug|Any CPU
		Release|Any CPU = Release|Any CPU
	EndGlobalSection
	GlobalSection(ProjectConfigurationPlatforms) = postSolution
		{FDBD7421-3DE5-4F14-8D67-0DFEF1C23FFC}.Debug|Any CPU.ActiveCfg = Debug|Any CPU
		{FDBD7421-3DE5-4F14-8D67-0DFEF1C23FFC}.Debug|Any CPU.Build.0 = Debug|Any CPU
		{FDBD7421-3DE5-4F14-8D67-0DFEF1C23FFC}.Release|Any CPU.ActiveCfg = Release|Any CPU
		{FDBD7421-3DE5-4F14-8D67-0DFEF1C23FFC}.Release|Any CPU.Build.0 = Release|Any CPU
	EndGlobalSection
	GlobalSection(SolutionProperties) = preSolution
		HideSolutionNode = FALSE
	EndGlobalSection
	GlobalSection(ExtensibilityGlobals) = postSolution
		SolutionGuid = {69BBA1DC-47DF-4E38-953E-B2D23EC72AF7}
	EndGlobalSection
EndGlobal
